
Microsoft Visual Studio Solution File, Format Version 12.00
# Visual Studio Version 17
VisualStudioVersion = 17.1.32319.34
MinimumVisualStudioVersion = 10.0.40219.1
Project("{FAE04EC0-301F-11D3-BF4B-00C04F79EFBC}") = "SofaAppen.Android", "SofaAppen\SofaAppen.Android\SofaAppen.Android.csproj", "{31B21878-1A75-43D3-9E88-251DCEBFEA67}"
EndProject
Project("{FAE04EC0-301F-11D3-BF4B-00C04F79EFBC}") = "SofaAppen.iOS", "SofaAppen\SofaAppen.iOS\SofaAppen.iOS.csproj", "{1C71975C-62C7-4417-A58B-D40B360577C1}"
EndProject
Project("{FAE04EC0-301F-11D3-BF4B-00C04F79EFBC}") = "SofaAppen", "SofaAppen\SofaAppen\SofaAppen.csproj", "{1E28263C-C289-4D90-A4F3-FE626022DAC2}"
EndProject
Global
	GlobalSection(SolutionConfigurationPlatforms) = preSolution
		Debug|Any CPU = Debug|Any CPU
		Debug|iPhone = Debug|iPhone
		Debug|iPhoneSimulator = Debug|iPhoneSimulator
		Release|Any CPU = Release|Any CPU
		Release|iPhone = Release|iPhone
		Release|iPhoneSimulator = Release|iPhoneSimulator
	EndGlobalSection
	GlobalSection(ProjectConfigurationPlatforms) = postSolution
		{31B21878-1A75-43D3-9E88-251DCEBFEA67}.Debug|Any CPU.ActiveCfg = Debug|Any CPU
		{31B21878-1A75-43D3-9E88-251DCEBFEA67}.Debug|Any CPU.Build.0 = Debug|Any CPU
		{31B21878-1A75-43D3-9E88-251DCEBFEA67}.Debug|Any CPU.Deploy.0 = Debug|Any CPU
		{31B21878-1A75-43D3-9E88-251DCEBFEA67}.Debug|iPhone.ActiveCfg = Debug|Any CPU
		{31B21878-1A75-43D3-9E88-251DCEBFEA67}.Debug|iPhone.Build.0 = Debug|Any CPU
		{31B21878-1A75-43D3-9E88-251DCEBFEA67}.Debug|iPhone.Deploy.0 = Debug|Any CPU
		{31B21878-1A75-43D3-9E88-251DCEBFEA67}.Debug|iPhoneSimulator.ActiveCfg = Debug|Any CPU
		{31B21878-1A75-43D3-9E88-251DCEBFEA67}.Debug|iPhoneSimulator.Build.0 = Debug|Any CPU
		{31B21878-1A75-43D3-9E88-251DCEBFEA67}.Debug|iPhoneSimulator.Deploy.0 = Debug|Any CPU
		{31B21878-1A75-43D3-9E88-251DCEBFEA67}.Release|Any CPU.ActiveCfg = Release|Any CPU
		{31B21878-1A75-43D3-9E88-251DCEBFEA67}.Release|Any CPU.Build.0 = Release|Any CPU
		{31B21878-1A75-43D3-9E88-251DCEBFEA67}.Release|Any CPU.Deploy.0 = Release|Any CPU
		{31B21878-1A75-43D3-9E88-251DCEBFEA67}.Release|iPhone.ActiveCfg = Release|Any CPU
		{31B21878-1A75-43D3-9E88-251DCEBFEA67}.Release|iPhone.Build.0 = Release|Any CPU
		{31B21878-1A75-43D3-9E88-251DCEBFEA67}.Release|iPhone.Deploy.0 = Release|Any CPU
		{31B21878-1A75-43D3-9E88-251DCEBFEA67}.Release|iPhoneSimulator.ActiveCfg = Release|Any CPU
		{31B21878-1A75-43D3-9E88-251DCEBFEA67}.Release|iPhoneSimulator.Build.0 = Release|Any CPU
		{31B21878-1A75-43D3-9E88-251DCEBFEA67}.Release|iPhoneSimulator.Deploy.0 = Release|Any CPU
		{1C71975C-62C7-4417-A58B-D40B360577C1}.Debug|Any CPU.ActiveCfg = Debug|iPhone
		{1C71975C-62C7-4417-A58B-D40B360577C1}.Debug|Any CPU.Build.0 = Debug|iPhone
		{1C71975C-62C7-4417-A58B-D40B360577C1}.Debug|Any CPU.Deploy.0 = Debug|iPhone
		{1C71975C-62C7-4417-A58B-D40B360577C1}.Debug|iPhone.ActiveCfg = Debug|iPhone
		{1C71975C-62C7-4417-A58B-D40B360577C1}.Debug|iPhone.Build.0 = Debug|iPhone
		{1C71975C-62C7-4417-A58B-D40B360577C1}.Debug|iPhone.Deploy.0 = Debug|iPhone
		{1C71975C-62C7-4417-A58B-D40B360577C1}.Debug|iPhoneSimulator.ActiveCfg = Debug|iPhoneSimulator
		{1C71975C-62C7-4417-A58B-D40B360577C1}.Debug|iPhoneSimulator.Build.0 = Debug|iPhoneSimulator
		{1C71975C-62C7-4417-A58B-D40B360577C1}.Debug|iPhoneSimulator.Deploy.0 = Debug|iPhoneSimulator
		{1C71975C-62C7-4417-A58B-D40B360577C1}.Release|Any CPU.ActiveCfg = Release|iPhoneSimulator
		{1C71975C-62C7-4417-A58B-D40B360577C1}.Release|Any CPU.Build.0 = Release|iPhoneSimulator
		{1C71975C-62C7-4417-A58B-D40B360577C1}.Release|Any CPU.Deploy.0 = Release|iPhoneSimulator
		{1C71975C-62C7-4417-A58B-D40B360577C1}.Release|iPhone.ActiveCfg = Release|iPhone
		{1C71975C-62C7-4417-A58B-D40B360577C1}.Release|iPhone.Build.0 = Release|iPhone
		{1C71975C-62C7-4417-A58B-D40B360577C1}.Release|iPhone.Deploy.0 = Release|iPhone
		{1C71975C-62C7-4417-A58B-D40B360577C1}.Release|iPhoneSimulator.ActiveCfg = Release|iPhoneSimulator
		{1C71975C-62C7-4417-A58B-D40B360577C1}.Release|iPhoneSimulator.Build.0 = Release|iPhoneSimulator
		{1C71975C-62C7-4417-A58B-D40B360577C1}.Release|iPhoneSimulator.Deploy.0 = Release|iPhoneSimulator
		{1E28263C-C289-4D90-A4F3-FE626022DAC2}.Debug|Any CPU.ActiveCfg = Debug|Any CPU
		{1E28263C-C289-4D90-A4F3-FE626022DAC2}.Debug|Any CPU.Build.0 = Debug|Any CPU
		{1E28263C-C289-4D90-A4F3-FE626022DAC2}.Debug|Any CPU.Deploy.0 = Debug|Any CPU
		{1E28263C-C289-4D90-A4F3-FE626022DAC2}.Debug|iPhone.ActiveCfg = Debug|Any CPU
		{1E28263C-C289-4D90-A4F3-FE626022DAC2}.Debug|iPhone.Build.0 = Debug|Any CPU
		{1E28263C-C289-4D90-A4F3-FE626022DAC2}.Debug|iPhone.Deploy.0 = Debug|Any CPU
		{1E28263C-C289-4D90-A4F3-FE626022DAC2}.Debug|iPhoneSimulator.ActiveCfg = Debug|Any CPU
		{1E28263C-C289-4D90-A4F3-FE626022DAC2}.Debug|iPhoneSimulator.Build.0 = Debug|Any CPU
		{1E28263C-C289-4D90-A4F3-FE626022DAC2}.Debug|iPhoneSimulator.Deploy.0 = Debug|Any CPU
		{1E28263C-C289-4D90-A4F3-FE626022DAC2}.Release|Any CPU.ActiveCfg = Release|Any CPU
		{1E28263C-C289-4D90-A4F3-FE626022DAC2}.Release|Any CPU.Build.0 = Release|Any CPU
		{1E28263C-C289-4D90-A4F3-FE626022DAC2}.Release|Any CPU.Deploy.0 = Release|Any CPU
		{1E28263C-C289-4D90-A4F3-FE626022DAC2}.Release|iPhone.ActiveCfg = Release|Any CPU
		{1E28263C-C289-4D90-A4F3-FE626022DAC2}.Release|iPhone.Build.0 = Release|Any CPU
		{1E28263C-C289-4D90-A4F3-FE626022DAC2}.Release|iPhone.Deploy.0 = Release|Any CPU
		{1E28263C-C289-4D90-A4F3-FE626022DAC2}.Release|iPhoneSimulator.ActiveCfg = Release|Any CPU
		{1E28263C-C289-4D90-A4F3-FE626022DAC2}.Release|iPhoneSimulator.Build.0 = Release|Any CPU
		{1E28263C-C289-4D90-A4F3-FE626022DAC2}.Release|iPhoneSimulator.Deploy.0 = Release|Any CPU
	EndGlobalSection
	GlobalSection(SolutionProperties) = preSolution
		HideSolutionNode = FALSE
	EndGlobalSection
	GlobalSection(ExtensibilityGlobals) = postSolution
		SolutionGuid = {6289C1CD-BDA8-404F-ACF9-F5C5EDFC00A8}
	EndGlobalSection
EndGlobal
